// !$*UTF8*$!
{
	archiveVersion = 1;
	classes = {
	};
	objectVersion = 55;
	objects = {

/* Begin PBXBuildFile section */
		5171C0272721BACA0063CF50 /* Family+CoreDataClass.swift in Sources */ = {isa = PBXBuildFile; fileRef = 5171C0232721BACA0063CF50 /* Family+CoreDataClass.swift */; };
		5171C0282721BACA0063CF50 /* Family+CoreDataProperties.swift in Sources */ = {isa = PBXBuildFile; fileRef = 5171C0242721BACA0063CF50 /* Family+CoreDataProperties.swift */; };
		5171C0292721BACA0063CF50 /* Person+CoreDataClass.swift in Sources */ = {isa = PBXBuildFile; fileRef = 5171C0252721BACA0063CF50 /* Person+CoreDataClass.swift */; };
		5171C02A2721BACA0063CF50 /* Person+CoreDataProperties.swift in Sources */ = {isa = PBXBuildFile; fileRef = 5171C0262721BACA0063CF50 /* Person+CoreDataProperties.swift */; };
		519ADC5327162E2E00421811 /* AppDelegate.swift in Sources */ = {isa = PBXBuildFile; fileRef = 519ADC5227162E2E00421811 /* AppDelegate.swift */; };
		519ADC5527162E2E00421811 /* SceneDelegate.swift in Sources */ = {isa = PBXBuildFile; fileRef = 519ADC5427162E2E00421811 /* SceneDelegate.swift */; };
		519ADC5727162E2E00421811 /* ViewController.swift in Sources */ = {isa = PBXBuildFile; fileRef = 519ADC5627162E2E00421811 /* ViewController.swift */; };
		519ADC5A27162E2E00421811 /* Main.storyboard in Resources */ = {isa = PBXBuildFile; fileRef = 519ADC5827162E2E00421811 /* Main.storyboard */; };
		519ADC5D27162E2E00421811 /* CoreDataIos.xcdatamodeld in Sources */ = {isa = PBXBuildFile; fileRef = 519ADC5B27162E2E00421811 /* CoreDataIos.xcdatamodeld */; };
		519ADC5F27162E3000421811 /* Assets.xcassets in Resources */ = {isa = PBXBuildFile; fileRef = 519ADC5E27162E3000421811 /* Assets.xcassets */; };
		519ADC6227162E3000421811 /* LaunchScreen.storyboard in Resources */ = {isa = PBXBuildFile; fileRef = 519ADC6027162E3000421811 /* LaunchScreen.storyboard */; };
/* End PBXBuildFile section */

/* Begin PBXFileReference section */
		5171C0232721BACA0063CF50 /* Family+CoreDataClass.swift */ = {isa = PBXFileReference; lastKnownFileType = sourcecode.swift; path = "Family+CoreDataClass.swift"; sourceTree = "<group>"; };
		5171C0242721BACA0063CF50 /* Family+CoreDataProperties.swift */ = {isa = PBXFileReference; lastKnownFileType = sourcecode.swift; path = "Family+CoreDataProperties.swift"; sourceTree = "<group>"; };
		5171C0252721BACA0063CF50 /* Person+CoreDataClass.swift */ = {isa = PBXFileReference; lastKnownFileType = sourcecode.swift; path = "Person+CoreDataClass.swift"; sourceTree = "<group>"; };
		5171C0262721BACA0063CF50 /* Person+CoreDataProperties.swift */ = {isa = PBXFileReference; lastKnownFileType = sourcecode.swift; path = "Person+CoreDataProperties.swift"; sourceTree = "<group>"; };
		519ADC4F27162E2E00421811 /* CoreDataIos.app */ = {isa = PBXFileReference; explicitFileType = wrapper.application; includeInIndex = 0; path = CoreDataIos.app; sourceTree = BUILT_PRODUCTS_DIR; };
		519ADC5227162E2E00421811 /* AppDelegate.swift */ = {isa = PBXFileReference; lastKnownFileType = sourcecode.swift; path = AppDelegate.swift; sourceTree = "<group>"; };
		519ADC5427162E2E00421811 /* SceneDelegate.swift */ = {isa = PBXFileReference; lastKnownFileType = sourcecode.swift; path = SceneDelegate.swift; sourceTree = "<group>"; };
		519ADC5627162E2E00421811 /* ViewController.swift */ = {isa = PBXFileReference; lastKnownFileType = sourcecode.swift; path = ViewController.swift; sourceTree = "<group>"; };
		519ADC5927162E2E00421811 /* Base */ = {isa = PBXFileReference; lastKnownFileType = file.storyboard; name = Base; path = Base.lproj/Main.storyboard; sourceTree = "<group>"; };
		519ADC5C27162E2E00421811 /* CoreDataIos.xcdatamodel */ = {isa = PBXFileReference; lastKnownFileType = wrapper.xcdatamodel; path = CoreDataIos.xcdatamodel; sourceTree = "<group>"; };
		519ADC5E27162E3000421811 /* Assets.xcassets */ = {isa = PBXFileReference; lastKnownFileType = folder.assetcatalog; path = Assets.xcassets; sourceTree = "<group>"; };
		519ADC6127162E3000421811 /* Base */ = {isa = PBXFileReference; lastKnownFileType = file.storyboard; name = Base; path = Base.lproj/LaunchScreen.storyboard; sourceTree = "<group>"; };
		519ADC6327162E3000421811 /* Info.plist */ = {isa = PBXFileReference; lastKnownFileType = text.plist.xml; path = Info.plist; sourceTree = "<group>"; };
/* End PBXFileReference section */

/* Begin PBXFrameworksBuildPhase section */
		519ADC4C27162E2E00421811 /* Frameworks */ = {
			isa = PBXFrameworksBuildPhase;
			buildActionMask = 2147483647;
			files = (
			);
			runOnlyForDeploymentPostprocessing = 0;
		};
/* End PBXFrameworksBuildPhase section */

/* Begin PBXGroup section */
		5171C021272072A60063CF50 /* View */ = {
			isa = PBXGroup;
			children = (
				519ADC5827162E2E00421811 /* Main.storyboard */,
			);
			path = View;
			sourceTree = "<group>";
		};
		5171C022272072B00063CF50 /* Controller */ = {
			isa = PBXGroup;
			children = (
				519ADC5627162E2E00421811 /* ViewController.swift */,
			);
			path = Controller;
			sourceTree = "<group>";
		};
		519ADC4627162E2E00421811 = {
			isa = PBXGroup;
			children = (
				519ADC5127162E2E00421811 /* CoreDataIos */,
				519ADC5027162E2E00421811 /* Products */,
			);
			sourceTree = "<group>";
		};
		519ADC5027162E2E00421811 /* Products */ = {
			isa = PBXGroup;
			children = (
				519ADC4F27162E2E00421811 /* CoreDataIos.app */,
			);
			name = Products;
			sourceTree = "<group>";
		};
		519ADC5127162E2E00421811 /* CoreDataIos */ = {
			isa = PBXGroup;
			children = (
				5171C022272072B00063CF50 /* Controller */,
				5171C021272072A60063CF50 /* View */,
				519ADC6D2716333700421811 /* Model */,
				519ADC5227162E2E00421811 /* AppDelegate.swift */,
				519ADC5427162E2E00421811 /* SceneDelegate.swift */,
				519ADC5E27162E3000421811 /* Assets.xcassets */,
				519ADC6027162E3000421811 /* LaunchScreen.storyboard */,
				519ADC6327162E3000421811 /* Info.plist */,
				519ADC5B27162E2E00421811 /* CoreDataIos.xcdatamodeld */,
			);
			path = CoreDataIos;
			sourceTree = "<group>";
		};
		519ADC6D2716333700421811 /* Model */ = {
			isa = PBXGroup;
			children = (
				5171C0232721BACA0063CF50 /* Family+CoreDataClass.swift */,
				5171C0242721BACA0063CF50 /* Family+CoreDataProperties.swift */,
				5171C0252721BACA0063CF50 /* Person+CoreDataClass.swift */,
				5171C0262721BACA0063CF50 /* Person+CoreDataProperties.swift */,
			);
			path = Model;
			sourceTree = "<group>";
		};
/* End PBXGroup section */

/* Begin PBXNativeTarget section */
		519ADC4E27162E2E00421811 /* CoreDataIos */ = {
			isa = PBXNativeTarget;
			buildConfigurationList = 519ADC6627162E3000421811 /* Build configuration list for PBXNativeTarget "CoreDataIos" */;
			buildPhases = (
				519ADC4B27162E2E00421811 /* Sources */,
				519ADC4C27162E2E00421811 /* Frameworks */,
				519ADC4D27162E2E00421811 /* Resources */,
			);
			buildRules = (
			);
			dependencies = (
			);
			name = CoreDataIos;
			productName = CoreDataIos;
			productReference = 519ADC4F27162E2E00421811 /* CoreDataIos.app */;
			productType = "com.apple.product-type.application";
		};
/* End PBXNativeTarget section */

/* Begin PBXProject section */
		519ADC4727162E2E00421811 /* Project object */ = {
			isa = PBXProject;
			attributes = {
				BuildIndependentTargetsInParallel = 1;
				LastSwiftUpdateCheck = 1300;
				LastUpgradeCheck = 1300;
				TargetAttributes = {
					519ADC4E27162E2E00421811 = {
						CreatedOnToolsVersion = 13.0;
					};
				};
			};
			buildConfigurationList = 519ADC4A27162E2E00421811 /* Build configuration list for PBXProject "CoreDataIos" */;
			compatibilityVersion = "Xcode 13.0";
			developmentRegion = en;
			hasScannedForEncodings = 0;
			knownRegions = (
				en,
				Base,
			);
			mainGroup = 519ADC4627162E2E00421811;
			productRefGroup = 519ADC5027162E2E00421811 /* Products */;
			projectDirPath = "";
			projectRoot = "";
			targets = (
				519ADC4E27162E2E00421811 /* CoreDataIos */,
			);
		};
/* End PBXProject section */

/* Begin PBXResourcesBuildPhase section */
		519ADC4D27162E2E00421811 /* Resources */ = {
			isa = PBXResourcesBuildPhase;
			buildActionMask = 2147483647;
			files = (
				519ADC6227162E3000421811 /* LaunchScreen.storyboard in Resources */,
				519ADC5F27162E3000421811 /* Assets.xcassets in Resources */,
				519ADC5A27162E2E00421811 /* Main.storyboard in Resources */,
			);
			runOnlyForDeploymentPostprocessing = 0;
		};
/* End PBXResourcesBuildPhase section */

/* Begin PBXSourcesBuildPhase section */
		519ADC4B27162E2E00421811 /* Sources */ = {
			isa = PBXSourcesBuildPhase;
			buildActionMask = 2147483647;
			files = (
				519ADC5727162E2E00421811 /* ViewController.swift in Sources */,
				5171C0292721BACA0063CF50 /* Person+CoreDataClass.swift in Sources */,
				5171C0272721BACA0063CF50 /* Family+CoreDataClass.swift in Sources */,
				519ADC5327162E2E00421811 /* AppDelegate.swift in Sources */,
				5171C02A2721BACA0063CF50 /* Person+CoreDataProperties.swift in Sources */,
				5171C0282721BACA0063CF50 /* Family+CoreDataProperties.swift in Sources */,
				519ADC5D27162E2E00421811 /* CoreDataIos.xcdatamodeld in Sources */,
				519ADC5527162E2E00421811 /* SceneDelegate.swift in Sources */,
			);
			runOnlyForDeploymentPostprocessing = 0;
		};
/* End PBXSourcesBuildPhase section */

/* Begin PBXVariantGroup section */
		519ADC5827162E2E00421811 /* Main.storyboard */ = {
			isa = PBXVariantGroup;
			children = (
				519ADC5927162E2E00421811 /* Base */,
			);
			name = Main.storyboard;
			sourceTree = "<group>";
		};
		519ADC6027162E3000421811 /* LaunchScreen.storyboard */ = {
			isa = PBXVariantGroup;
			children = (
				519ADC6127162E3000421811 /* Base */,
			);
			name = LaunchScreen.storyboard;
			sourceTree = "<group>";
		};
/* End PBXVariantGroup section */

/* Begin XCBuildConfiguration section */
		519ADC6427162E3000421811 /* Debug */ = {
			isa = XCBuildConfiguration;
			buildSettings = {
				ALWAYS_SEARCH_USER_PATHS = NO;
				CLANG_ANALYZER_NONNULL = YES;
				CLANG_ANALYZER_NUMBER_OBJECT_CONVERSION = YES_AGGRESSIVE;
				CLANG_CXX_LANGUAGE_STANDARD = "gnu++17";
				CLANG_CXX_LIBRARY = "libc++";
				CLANG_ENABLE_MODULES = YES;
				CLANG_ENABLE_OBJC_ARC = YES;
				CLANG_ENABLE_OBJC_WEAK = YES;
				CLANG_WARN_BLOCK_CAPTURE_AUTORELEASING = YES;
				CLANG_WARN_BOOL_CONVERSION = YES;
				CLANG_WARN_COMMA = YES;
				CLANG_WARN_CONSTANT_CONVERSION = YES;
				CLANG_WARN_DEPRECATED_OBJC_IMPLEMENTATIONS = YES;
				CLANG_WARN_DIRECT_OBJC_ISA_USAGE = YES_ERROR;
				CLANG_WARN_DOCUMENTATION_COMMENTS = YES;
				CLANG_WARN_EMPTY_BODY = YES;
				CLANG_WARN_ENUM_CONVERSION = YES;
				CLANG_WARN_INFINITE_RECURSION = YES;
				CLANG_WARN_INT_CONVERSION = YES;
				CLANG_WARN_NON_LITERAL_NULL_CONVERSION = YES;
				CLANG_WARN_OBJC_IMPLICIT_RETAIN_SELF = YES;
				CLANG_WARN_OBJC_LITERAL_CONVERSION = YES;
				CLANG_WARN_OBJC_ROOT_CLASS = YES_ERROR;
				CLANG_WARN_QUOTED_INCLUDE_IN_FRAMEWORK_HEADER = YES;
				CLANG_WARN_RANGE_LOOP_ANALYSIS = YES;
				CLANG_WARN_STRICT_PROTOTYPES = YES;
				CLANG_WARN_SUSPICIOUS_MOVE = YES;
				CLANG_WARN_UNGUARDED_AVAILABILITY = YES_AGGRESSIVE;
				CLANG_WARN_UNREACHABLE_CODE = YES;
				CLANG_WARN__DUPLICATE_METHOD_MATCH = YES;
				COPY_PHASE_STRIP = NO;
				DEBUG_INFORMATION_FORMAT = dwarf;
				ENABLE_STRICT_OBJC_MSGSEND = YES;
				ENABLE_TESTABILITY = YES;
				GCC_C_LANGUAGE_STANDARD = gnu11;
				GCC_DYNAMIC_NO_PIC = NO;
				GCC_NO_COMMON_BLOCKS = YES;
				GCC_OPTIMIZATION_LEVEL = 0;
				GCC_PREPROCESSOR_DEFINITIONS = (
					"DEBUG=1",
					"$(inherited)",
				);
				GCC_WARN_64_TO_32_BIT_CONVERSION = YES;
				GCC_WARN_ABOUT_RETURN_TYPE = YES_ERROR;
				GCC_WARN_UNDECLARED_SELECTOR = YES;
				GCC_WARN_UNINITIALIZED_AUTOS = YES_AGGRESSIVE;
				GCC_WARN_UNUSED_FUNCTION = YES;
				GCC_WARN_UNUSED_VARIABLE = YES;
				IPHONEOS_DEPLOYMENT_TARGET = 15.0;
				MTL_ENABLE_DEBUG_INFO = INCLUDE_SOURCE;
				MTL_FAST_MATH = YES;
				ONLY_ACTIVE_ARCH = YES;
				SDKROOT = iphoneos;
				SWIFT_ACTIVE_COMPILATION_CONDITIONS = DEBUG;
				SWIFT_OPTIMIZATION_LEVEL = "-Onone";
			};
			name = Debug;
		};
		519ADC6527162E3000421811 /* Release */ = {
			isa = XCBuildConfiguration;
			buildSettings = {
				ALWAYS_SEARCH_USER_PATHS = NO;
				CLANG_ANALYZER_NONNULL = YES;
				CLANG_ANALYZER_NUMBER_OBJECT_CONVERSION = YES_AGGRESSIVE;
				CLANG_CXX_LANGUAGE_STANDARD = "gnu++17";
				CLANG_CXX_LIBRARY = "libc++";
				CLANG_ENABLE_MODULES = YES;
				CLANG_ENABLE_OBJC_ARC = YES;
				CLANG_ENABLE_OBJC_WEAK = YES;
				CLANG_WARN_BLOCK_CAPTURE_AUTORELEASING = YES;
				CLANG_WARN_BOOL_CONVERSION = YES;
				CLANG_WARN_COMMA = YES;
				CLANG_WARN_CONSTANT_CONVERSION = YES;
				CLANG_WARN_DEPRECATED_OBJC_IMPLEMENTATIONS = YES;
				CLANG_WARN_DIRECT_OBJC_ISA_USAGE = YES_ERROR;
				CLANG_WARN_DOCUMENTATION_COMMENTS = YES;
				CLANG_WARN_EMPTY_BODY = YES;
				CLANG_WARN_ENUM_CONVERSION = YES;
				CLANG_WARN_INFINITE_RECURSION = YES;
				CLANG_WARN_INT_CONVERSION = YES;
				CLANG_WARN_NON_LITERAL_NULL_CONVERSION = YES;
				CLANG_WARN_OBJC_IMPLICIT_RETAIN_SELF = YES;
				CLANG_WARN_OBJC_LITERAL_CONVERSION = YES;
				CLANG_WARN_OBJC_ROOT_CLASS = YES_ERROR;
				CLANG_WARN_QUOTED_INCLUDE_IN_FRAMEWORK_HEADER = YES;
				CLANG_WARN_RANGE_LOOP_ANALYSIS = YES;
				CLANG_WARN_STRICT_PROTOTYPES = YES;
				CLANG_WARN_SUSPICIOUS_MOVE = YES;
				CLANG_WARN_UNGUARDED_AVAILABILITY = YES_AGGRESSIVE;
				CLANG_WARN_UNREACHABLE_CODE = YES;
				CLANG_WARN__DUPLICATE_METHOD_MATCH = YES;
				COPY_PHASE_STRIP = NO;
				DEBUG_INFORMATION_FORMAT = "dwarf-with-dsym";
				ENABLE_NS_ASSERTIONS = NO;
				ENABLE_STRICT_OBJC_MSGSEND = YES;
				GCC_C_LANGUAGE_STANDARD = gnu11;
				GCC_NO_COMMON_BLOCKS = YES;
				GCC_WARN_64_TO_32_BIT_CONVERSION = YES;
				GCC_WARN_ABOUT_RETURN_TYPE = YES_ERROR;
				GCC_WARN_UNDECLARED_SELECTOR = YES;
				GCC_WARN_UNINITIALIZED_AUTOS = YES_AGGRESSIVE;
				GCC_WARN_UNUSED_FUNCTION = YES;
				GCC_WARN_UNUSED_VARIABLE = YES;
				IPHONEOS_DEPLOYMENT_TARGET = 15.0;
				MTL_ENABLE_DEBUG_INFO = NO;
				MTL_FAST_MATH = YES;
				SDKROOT = iphoneos;
				SWIFT_COMPILATION_MODE = wholemodule;
				SWIFT_OPTIMIZATION_LEVEL = "-O";
				VALIDATE_PRODUCT = YES;
			};
			name = Release;
		};
		519ADC6727162E3000421811 /* Debug */ = {
			isa = XCBuildConfiguration;
			buildSettings = {
				ASSETCATALOG_COMPILER_APPICON_NAME = AppIcon;
				ASSETCATALOG_COMPILER_GLOBAL_ACCENT_COLOR_NAME = AccentColor;
				CODE_SIGN_STYLE = Automatic;
				CURRENT_PROJECT_VERSION = 1;
				DEVELOPMENT_TEAM = RX6TGG7999;
				GENERATE_INFOPLIST_FILE = YES;
				INFOPLIST_FILE = CoreDataIos/Info.plist;
				INFOPLIST_KEY_UIApplicationSupportsIndirectInputEvents = YES;
				INFOPLIST_KEY_UILaunchStoryboardName = LaunchScreen;
				INFOPLIST_KEY_UIMainStoryboardFile = Main;
				INFOPLIST_KEY_UISupportedInterfaceOrientations_iPad = "UIInterfaceOrientationPortrait UIInterfaceOrientationPortraitUpsideDown UIInterfaceOrientationLandscapeLeft UIInterfaceOrientationLandscapeRight";
				INFOPLIST_KEY_UISupportedInterfaceOrientations_iPhone = "UIInterfaceOrientationPortrait UIInterfaceOrientationLandscapeLeft UIInterfaceOrientationLandscapeRight";
				LD_RUNPATH_SEARCH_PATHS = (
					"$(inherited)",
					"@executable_path/Frameworks",
				);
				MARKETING_VERSION = 1.0;
				PRODUCT_BUNDLE_IDENTIFIER = com.ayankola.ayodeji.CoreDataIos;
				PRODUCT_NAME = "$(TARGET_NAME)";
				SWIFT_EMIT_LOC_STRINGS = YES;
				SWIFT_VERSION = 5.0;
				TARGETED_DEVICE_FAMILY = "1,2";
			};
			name = Debug;
		};
		519ADC6827162E3000421811 /* Release */ = {
			isa = XCBuildConfiguration;
			buildSettings = {
				ASSETCATALOG_COMPILER_APPICON_NAME = AppIcon;
				ASSETCATALOG_COMPILER_GLOBAL_ACCENT_COLOR_NAME = AccentColor;
				CODE_SIGN_STYLE = Automatic;
				CURRENT_PROJECT_VERSION = 1;
				DEVELOPMENT_TEAM = RX6TGG7999;
				GENERATE_INFOPLIST_FILE = YES;
				INFOPLIST_FILE = CoreDataIos/Info.plist;
				INFOPLIST_KEY_UIApplicationSupportsIndirectInputEvents = YES;
				INFOPLIST_KEY_UILaunchStoryboardName = LaunchScreen;
				INFOPLIST_KEY_UIMainStoryboardFile = Main;
				INFOPLIST_KEY_UISupportedInterfaceOrientations_iPad = "UIInterfaceOrientationPortrait UIInterfaceOrientationPortraitUpsideDown UIInterfaceOrientationLandscapeLeft UIInterfaceOrientationLandscapeRight";
				INFOPLIST_KEY_UISupportedInterfaceOrientations_iPhone = "UIInterfaceOrientationPortrait UIInterfaceOrientationLandscapeLeft UIInterfaceOrientationLandscapeRight";
				LD_RUNPATH_SEARCH_PATHS = (
					"$(inherited)",
					"@executable_path/Frameworks",
				);
				MARKETING_VERSION = 1.0;
				PRODUCT_BUNDLE_IDENTIFIER = com.ayankola.ayodeji.CoreDataIos;
				PRODUCT_NAME = "$(TARGET_NAME)";
				SWIFT_EMIT_LOC_STRINGS = YES;
				SWIFT_VERSION = 5.0;
				TARGETED_DEVICE_FAMILY = "1,2";
			};
			name = Release;
		};
/* End XCBuildConfiguration section */

/* Begin XCConfigurationList section */
		519ADC4A27162E2E00421811 /* Build configuration list for PBXProject "CoreDataIos" */ = {
			isa = XCConfigurationList;
			buildConfigurations = (
				519ADC6427162E3000421811 /* Debug */,
				519ADC6527162E3000421811 /* Release */,
			);
			defaultConfigurationIsVisible = 0;
			defaultConfigurationName = Release;
		};
		519ADC6627162E3000421811 /* Build configuration list for PBXNativeTarget "CoreDataIos" */ = {
			isa = XCConfigurationList;
			buildConfigurations = (
				519ADC6727162E3000421811 /* Debug */,
				519ADC6827162E3000421811 /* Release */,
			);
			defaultConfigurationIsVisible = 0;
			defaultConfigurationName = Release;
		};
/* End XCConfigurationList section */

/* Begin XCVersionGroup section */
		519ADC5B27162E2E00421811 /* CoreDataIos.xcdatamodeld */ = {
			isa = XCVersionGroup;
			children = (
				519ADC5C27162E2E00421811 /* CoreDataIos.xcdatamodel */,
			);
			currentVersion = 519ADC5C27162E2E00421811 /* CoreDataIos.xcdatamodel */;
			path = CoreDataIos.xcdatamodeld;
			sourceTree = "<group>";
			versionGroupType = wrapper.xcdatamodel;
		};
/* End XCVersionGroup section */
	};
	rootObject = 519ADC4727162E2E00421811 /* Project object */;
}
